
Microsoft Visual Studio Solution File, Format Version 12.00
# Visual Studio Version 17
VisualStudioVersion = 17.8.0.0
MinimumVisualStudioVersion = 17.8.0.0
Project("{9A19103F-16F7-4668-BE54-9A1E7A4F7556}") = "PlaywrightDemo.AppHost", "PlaywrightDemo.AppHost\PlaywrightDemo.AppHost.csproj", "{5E603D4D-7834-404B-9584-3535B967E034}"
EndProject
Project("{9A19103F-16F7-4668-BE54-9A1E7A4F7556}") = "PlaywrightDemo.ServiceDefaults", "PlaywrightDemo.ServiceDefaults\PlaywrightDemo.ServiceDefaults.csproj", "{387C53EA-324A-4E68-BA2A-5A43D3FEA85A}"
EndProject
Project("{9A19103F-16F7-4668-BE54-9A1E7A4F7556}") = "PlaywrightDemo.ApiService", "PlaywrightDemo.ApiService\PlaywrightDemo.ApiService.csproj", "{442BC55D-678F-41D0-A925-3A1EAE3FE396}"
EndProject
Project("{9A19103F-16F7-4668-BE54-9A1E7A4F7556}") = "PlaywrightDemo.Web", "PlaywrightDemo.Web\PlaywrightDemo.Web.csproj", "{F80F2352-B562-4EE4-B48B-9C48F4F1B749}"
EndProject
Project("{FAE04EC0-301F-11D3-BF4B-00C04F79EFBC}") = "WebApp", "WebApp\WebApp.csproj", "{5787D663-7716-4CA7-9E33-F03F7FA1CC57}"
EndProject
Project("{FAE04EC0-301F-11D3-BF4B-00C04F79EFBC}") = "WebApp.Tests", "WebApp.Tests\WebApp.Tests.csproj", "{9542BDD5-8642-4C47-813F-8DB8D4810B73}"
EndProject
Global
	GlobalSection(SolutionConfigurationPlatforms) = preSolution
		Debug|Any CPU = Debug|Any CPU
		Debug|x64 = Debug|x64
		Debug|x86 = Debug|x86
		Release|Any CPU = Release|Any CPU
		Release|x64 = Release|x64
		Release|x86 = Release|x86
	EndGlobalSection
	GlobalSection(ProjectConfigurationPlatforms) = postSolution
		{5E603D4D-7834-404B-9584-3535B967E034}.Debug|Any CPU.ActiveCfg = Debug|Any CPU
		{5E603D4D-7834-404B-9584-3535B967E034}.Debug|Any CPU.Build.0 = Debug|Any CPU
		{5E603D4D-7834-404B-9584-3535B967E034}.Debug|x64.ActiveCfg = Debug|Any CPU
		{5E603D4D-7834-404B-9584-3535B967E034}.Debug|x64.Build.0 = Debug|Any CPU
		{5E603D4D-7834-404B-9584-3535B967E034}.Debug|x86.ActiveCfg = Debug|Any CPU
		{5E603D4D-7834-404B-9584-3535B967E034}.Debug|x86.Build.0 = Debug|Any CPU
		{5E603D4D-7834-404B-9584-3535B967E034}.Release|Any CPU.ActiveCfg = Release|Any CPU
		{5E603D4D-7834-404B-9584-3535B967E034}.Release|Any CPU.Build.0 = Release|Any CPU
		{5E603D4D-7834-404B-9584-3535B967E034}.Release|x64.ActiveCfg = Release|Any CPU
		{5E603D4D-7834-404B-9584-3535B967E034}.Release|x64.Build.0 = Release|Any CPU
		{5E603D4D-7834-404B-9584-3535B967E034}.Release|x86.ActiveCfg = Release|Any CPU
		{5E603D4D-7834-404B-9584-3535B967E034}.Release|x86.Build.0 = Release|Any CPU
		{387C53EA-324A-4E68-BA2A-5A43D3FEA85A}.Debug|Any CPU.ActiveCfg = Debug|Any CPU
		{387C53EA-324A-4E68-BA2A-5A43D3FEA85A}.Debug|Any CPU.Build.0 = Debug|Any CPU
		{387C53EA-324A-4E68-BA2A-5A43D3FEA85A}.Debug|x64.ActiveCfg = Debug|Any CPU
		{387C53EA-324A-4E68-BA2A-5A43D3FEA85A}.Debug|x64.Build.0 = Debug|Any CPU
		{387C53EA-324A-4E68-BA2A-5A43D3FEA85A}.Debug|x86.ActiveCfg = Debug|Any CPU
		{387C53EA-324A-4E68-BA2A-5A43D3FEA85A}.Debug|x86.Build.0 = Debug|Any CPU
		{387C53EA-324A-4E68-BA2A-5A43D3FEA85A}.Release|Any CPU.ActiveCfg = Release|Any CPU
		{387C53EA-324A-4E68-BA2A-5A43D3FEA85A}.Release|Any CPU.Build.0 = Release|Any CPU
		{387C53EA-324A-4E68-BA2A-5A43D3FEA85A}.Release|x64.ActiveCfg = Release|Any CPU
		{387C53EA-324A-4E68-BA2A-5A43D3FEA85A}.Release|x64.Build.0 = Release|Any CPU
		{387C53EA-324A-4E68-BA2A-5A43D3FEA85A}.Release|x86.ActiveCfg = Release|Any CPU
		{387C53EA-324A-4E68-BA2A-5A43D3FEA85A}.Release|x86.Build.0 = Release|Any CPU
		{442BC55D-678F-41D0-A925-3A1EAE3FE396}.Debug|Any CPU.ActiveCfg = Debug|Any CPU
		{442BC55D-678F-41D0-A925-3A1EAE3FE396}.Debug|Any CPU.Build.0 = Debug|Any CPU
		{442BC55D-678F-41D0-A925-3A1EAE3FE396}.Debug|x64.ActiveCfg = Debug|Any CPU
		{442BC55D-678F-41D0-A925-3A1EAE3FE396}.Debug|x64.Build.0 = Debug|Any CPU
		{442BC55D-678F-41D0-A925-3A1EAE3FE396}.Debug|x86.ActiveCfg = Debug|Any CPU
		{442BC55D-678F-41D0-A925-3A1EAE3FE396}.Debug|x86.Build.0 = Debug|Any CPU
		{442BC55D-678F-41D0-A925-3A1EAE3FE396}.Release|Any CPU.ActiveCfg = Release|Any CPU
		{442BC55D-678F-41D0-A925-3A1EAE3FE396}.Release|Any CPU.Build.0 = Release|Any CPU
		{442BC55D-678F-41D0-A925-3A1EAE3FE396}.Release|x64.ActiveCfg = Release|Any CPU
		{442BC55D-678F-41D0-A925-3A1EAE3FE396}.Release|x64.Build.0 = Release|Any CPU
		{442BC55D-678F-41D0-A925-3A1EAE3FE396}.Release|x86.ActiveCfg = Release|Any CPU
		{442BC55D-678F-41D0-A925-3A1EAE3FE396}.Release|x86.Build.0 = Release|Any CPU
		{F80F2352-B562-4EE4-B48B-9C48F4F1B749}.Debug|Any CPU.ActiveCfg = Debug|Any CPU
		{F80F2352-B562-4EE4-B48B-9C48F4F1B749}.Debug|Any CPU.Build.0 = Debug|Any CPU
		{F80F2352-B562-4EE4-B48B-9C48F4F1B749}.Debug|x64.ActiveCfg = Debug|Any CPU
		{F80F2352-B562-4EE4-B48B-9C48F4F1B749}.Debug|x64.Build.0 = Debug|Any CPU
		{F80F2352-B562-4EE4-B48B-9C48F4F1B749}.Debug|x86.ActiveCfg = Debug|Any CPU
		{F80F2352-B562-4EE4-B48B-9C48F4F1B749}.Debug|x86.Build.0 = Debug|Any CPU
		{F80F2352-B562-4EE4-B48B-9C48F4F1B749}.Release|Any CPU.ActiveCfg = Release|Any CPU
		{F80F2352-B562-4EE4-B48B-9C48F4F1B749}.Release|Any CPU.Build.0 = Release|Any CPU
		{F80F2352-B562-4EE4-B48B-9C48F4F1B749}.Release|x64.ActiveCfg = Release|Any CPU
		{F80F2352-B562-4EE4-B48B-9C48F4F1B749}.Release|x64.Build.0 = Release|Any CPU
		{F80F2352-B562-4EE4-B48B-9C48F4F1B749}.Release|x86.ActiveCfg = Release|Any CPU
		{F80F2352-B562-4EE4-B48B-9C48F4F1B749}.Release|x86.Build.0 = Release|Any CPU
		{5787D663-7716-4CA7-9E33-F03F7FA1CC57}.Debug|Any CPU.ActiveCfg = Debug|Any CPU
		{5787D663-7716-4CA7-9E33-F03F7FA1CC57}.Debug|Any CPU.Build.0 = Debug|Any CPU
		{5787D663-7716-4CA7-9E33-F03F7FA1CC57}.Debug|x64.ActiveCfg = Debug|Any CPU
		{5787D663-7716-4CA7-9E33-F03F7FA1CC57}.Debug|x64.Build.0 = Debug|Any CPU
		{5787D663-7716-4CA7-9E33-F03F7FA1CC57}.Debug|x86.ActiveCfg = Debug|Any CPU
		{5787D663-7716-4CA7-9E33-F03F7FA1CC57}.Debug|x86.Build.0 = Debug|Any CPU
		{5787D663-7716-4CA7-9E33-F03F7FA1CC57}.Release|Any CPU.ActiveCfg = Release|Any CPU
		{5787D663-7716-4CA7-9E33-F03F7FA1CC57}.Release|Any CPU.Build.0 = Release|Any CPU
		{5787D663-7716-4CA7-9E33-F03F7FA1CC57}.Release|x64.ActiveCfg = Release|Any CPU
		{5787D663-7716-4CA7-9E33-F03F7FA1CC57}.Release|x64.Build.0 = Release|Any CPU
		{5787D663-7716-4CA7-9E33-F03F7FA1CC57}.Release|x86.ActiveCfg = Release|Any CPU
		{5787D663-7716-4CA7-9E33-F03F7FA1CC57}.Release|x86.Build.0 = Release|Any CPU
		{9542BDD5-8642-4C47-813F-8DB8D4810B73}.Debug|Any CPU.ActiveCfg = Debug|Any CPU
		{9542BDD5-8642-4C47-813F-8DB8D4810B73}.Debug|Any CPU.Build.0 = Debug|Any CPU
		{9542BDD5-8642-4C47-813F-8DB8D4810B73}.Debug|x64.ActiveCfg = Debug|Any CPU
		{9542BDD5-8642-4C47-813F-8DB8D4810B73}.Debug|x64.Build.0 = Debug|Any CPU
		{9542BDD5-8642-4C47-813F-8DB8D4810B73}.Debug|x86.ActiveCfg = Debug|Any CPU
		{9542BDD5-8642-4C47-813F-8DB8D4810B73}.Debug|x86.Build.0 = Debug|Any CPU
		{9542BDD5-8642-4C47-813F-8DB8D4810B73}.Release|Any CPU.ActiveCfg = Release|Any CPU
		{9542BDD5-8642-4C47-813F-8DB8D4810B73}.Release|Any CPU.Build.0 = Release|Any CPU
		{9542BDD5-8642-4C47-813F-8DB8D4810B73}.Release|x64.ActiveCfg = Release|Any CPU
		{9542BDD5-8642-4C47-813F-8DB8D4810B73}.Release|x64.Build.0 = Release|Any CPU
		{9542BDD5-8642-4C47-813F-8DB8D4810B73}.Release|x86.ActiveCfg = Release|Any CPU
		{9542BDD5-8642-4C47-813F-8DB8D4810B73}.Release|x86.Build.0 = Release|Any CPU
	EndGlobalSection
	GlobalSection(SolutionProperties) = preSolution
		HideSolutionNode = FALSE
	EndGlobalSection
	GlobalSection(ExtensibilityGlobals) = postSolution
		SolutionGuid = {1B36673A-92FE-4247-BA85-33A1F5B3C33D}
	EndGlobalSection
EndGlobal
